
Microsoft Visual Studio Solution File, Format Version 12.00
# Visual Studio Version 16
VisualStudioVersion = 16.0.31624.102
MinimumVisualStudioVersion = 10.0.40219.1
Project("{FAE04EC0-301F-11D3-BF4B-00C04F79EFBC}") = "Matriz2", "Matriz2.csproj", "{9042CAFB-85EE-4009-A6DB-16AEAFAAD8BB}"
EndProject
Global
	GlobalSection(SolutionConfigurationPlatforms) = preSolution
		Debug|Any CPU = Debug|Any CPU
		Release|Any CPU = Release|Any CPU
	EndGlobalSection
	GlobalSection(ProjectConfigurationPlatforms) = postSolution
		{9042CAFB-85EE-4009-A6DB-16AEAFAAD8BB}.Debug|Any CPU.ActiveCfg = Debug|Any CPU
		{9042CAFB-85EE-4009-A6DB-16AEAFAAD8BB}.Debug|Any CPU.Build.0 = Debug|Any CPU
		{9042CAFB-85EE-4009-A6DB-16AEAFAAD8BB}.Release|Any CPU.ActiveCfg = Release|Any CPU
		{9042CAFB-85EE-4009-A6DB-16AEAFAAD8BB}.Release|Any CPU.Build.0 = Release|Any CPU
	EndGlobalSection
	GlobalSection(SolutionProperties) = preSolution
		HideSolutionNode = FALSE
	EndGlobalSection
	GlobalSection(ExtensibilityGlobals) = postSolution
		SolutionGuid = {B972A904-FD03-4765-9DD8-5C626A7252D0}
	EndGlobalSection
EndGlobal
